
Microsoft Visual Studio Solution File, Format Version 12.00
# Visual Studio Version 17
VisualStudioVersion = 17.14.36705.20 d17.14
MinimumVisualStudioVersion = 10.0.40219.1
Project("{FAE04EC0-301F-11D3-BF4B-00C04F79EFBC}") = "ScreamControl", "ScreamControl\ScreamControl.csproj", "{EBF87E6D-AC9A-4FB0-8FE5-3CB9CDC0DFE7}"
EndProject
Project("{FAE04EC0-301F-11D3-BF4B-00C04F79EFBC}") = "ScreamView", "ScreamView\ScreamView.csproj", "{D02B25F4-D2A3-4622-947C-CBE90FAE0E3D}"
EndProject
Global
	GlobalSection(SolutionConfigurationPlatforms) = preSolution
		Debug|Any CPU = Debug|Any CPU
		Release|Any CPU = Release|Any CPU
	EndGlobalSection
	GlobalSection(ProjectConfigurationPlatforms) = postSolution
		{EBF87E6D-AC9A-4FB0-8FE5-3CB9CDC0DFE7}.Debug|Any CPU.ActiveCfg = Debug|Any CPU
		{EBF87E6D-AC9A-4FB0-8FE5-3CB9CDC0DFE7}.Debug|Any CPU.Build.0 = Debug|Any CPU
		{EBF87E6D-AC9A-4FB0-8FE5-3CB9CDC0DFE7}.Release|Any CPU.ActiveCfg = Release|Any CPU
		{EBF87E6D-AC9A-4FB0-8FE5-3CB9CDC0DFE7}.Release|Any CPU.Build.0 = Release|Any CPU
		{D02B25F4-D2A3-4622-947C-CBE90FAE0E3D}.Debug|Any CPU.ActiveCfg = Debug|Any CPU
		{D02B25F4-D2A3-4622-947C-CBE90FAE0E3D}.Debug|Any CPU.Build.0 = Debug|Any CPU
		{D02B25F4-D2A3-4622-947C-CBE90FAE0E3D}.Release|Any CPU.ActiveCfg = Release|Any CPU
		{D02B25F4-D2A3-4622-947C-CBE90FAE0E3D}.Release|Any CPU.Build.0 = Release|Any CPU
	EndGlobalSection
	GlobalSection(SolutionProperties) = preSolution
		HideSolutionNode = FALSE
	EndGlobalSection
	GlobalSection(ExtensibilityGlobals) = postSolution
		SolutionGuid = {75E38456-B713-4BD1-BB5F-FA0789BEB7F0}
	EndGlobalSection
EndGlobal
